
Microsoft Visual Studio Solution File, Format Version 12.00
# Visual Studio Version 16
VisualStudioVersion = 16.0.29905.134
MinimumVisualStudioVersion = 10.0.40219.1
Project("{FAE04EC0-301F-11D3-BF4B-00C04F79EFBC}") = "gestSixt", "gestSixt\gestSixt.csproj", "{909A528A-92F4-4E7F-BBFB-99FF446CAF76}"
EndProject
Global
	GlobalSection(SolutionConfigurationPlatforms) = preSolution
		Debug|Any CPU = Debug|Any CPU
		Release|Any CPU = Release|Any CPU
	EndGlobalSection
	GlobalSection(ProjectConfigurationPlatforms) = postSolution
		{909A528A-92F4-4E7F-BBFB-99FF446CAF76}.Debug|Any CPU.ActiveCfg = Debug|Any CPU
		{909A528A-92F4-4E7F-BBFB-99FF446CAF76}.Debug|Any CPU.Build.0 = Debug|Any CPU
		{909A528A-92F4-4E7F-BBFB-99FF446CAF76}.Release|Any CPU.ActiveCfg = Release|Any CPU
		{909A528A-92F4-4E7F-BBFB-99FF446CAF76}.Release|Any CPU.Build.0 = Release|Any CPU
	EndGlobalSection
	GlobalSection(SolutionProperties) = preSolution
		HideSolutionNode = FALSE
	EndGlobalSection
	GlobalSection(ExtensibilityGlobals) = postSolution
		SolutionGuid = {4961234F-E0C5-4E44-83DD-10A40B18FAF9}
	EndGlobalSection
EndGlobal
